Microsoft Visual Studio Solution File, Format Version 12.00
# Visual Studio Version 17
VisualStudioVersion = 17.5.2.0
MinimumVisualStudioVersion = 10.0.40219.1
Project("{2150E333-8FDC-42A3-9474-1A3956D46DE8}") = "GoldenCalendar", "GoldenCalendar", "{79B34596-F584-4EED-DF25-19D5FC9C3170}"
EndProject
Project("{FAE04EC0-301F-11D3-BF4B-00C04F79EFBC}") = "GoldenCalendarAPI", "GoldenCalendar\GoldenCalendarAPI\GoldenCalendarAPI.csproj", "{E4852D9D-CF6F-1DE3-3156-F2433D9E3DE2}"
EndProject
Global
	GlobalSection(SolutionConfigurationPlatforms) = preSolution
		Debug|Any CPU = Debug|Any CPU
		Release|Any CPU = Release|Any CPU
	EndGlobalSection
	GlobalSection(ProjectConfigurationPlatforms) = postSolution
		{E4852D9D-CF6F-1DE3-3156-F2433D9E3DE2}.Debug|Any CPU.ActiveCfg = Debug|Any CPU
		{E4852D9D-CF6F-1DE3-3156-F2433D9E3DE2}.Debug|Any CPU.Build.0 = Debug|Any CPU
		{E4852D9D-CF6F-1DE3-3156-F2433D9E3DE2}.Release|Any CPU.ActiveCfg = Release|Any CPU
		{E4852D9D-CF6F-1DE3-3156-F2433D9E3DE2}.Release|Any CPU.Build.0 = Release|Any CPU
	EndGlobalSection
	GlobalSection(SolutionProperties) = preSolution
		HideSolutionNode = FALSE
	EndGlobalSection
	GlobalSection(NestedProjects) = preSolution
		{E4852D9D-CF6F-1DE3-3156-F2433D9E3DE2} = {79B34596-F584-4EED-DF25-19D5FC9C3170}
	EndGlobalSection
	GlobalSection(ExtensibilityGlobals) = postSolution
		SolutionGuid = {C60DB02D-69C9-4D7E-B014-01237F706FF9}
	EndGlobalSection
EndGlobal
